
Microsoft Visual Studio Solution File, Format Version 12.00
# Visual Studio Version 17
VisualStudioVersion = 17.10.35027.167
MinimumVisualStudioVersion = 10.0.40219.1
Project("{9A19103F-16F7-4668-BE54-9A1E7A4F7556}") = "SocialPlatformApp", "SocialPlatformApp\SocialPlatformApp.csproj", "{5EDC8E56-361F-4367-8932-04B29BE9F14F}"
EndProject
Project("{9A19103F-16F7-4668-BE54-9A1E7A4F7556}") = "SocialPlatformApp.Models", "SocialPlatformApp.Models\SocialPlatformApp.Models.csproj", "{3FCAD99E-6734-4262-A061-11143B4094E3}"
EndProject
Project("{9A19103F-16F7-4668-BE54-9A1E7A4F7556}") = "SocialPlatformApp.Repos", "SocialPlatformApp.Repos\SocialPlatformApp.Repos.csproj", "{B89CAE73-7020-4FAA-BB09-B6D094F92F2F}"
EndProject
Project("{9A19103F-16F7-4668-BE54-9A1E7A4F7556}") = "SocialPlatformApp.Business", "SocialPlatformApp.Business\SocialPlatformApp.Business.csproj", "{65E8A772-101C-4B06-97D5-2F7A223D5486}"
EndProject
Project("{9A19103F-16F7-4668-BE54-9A1E7A4F7556}") = "SocialPlatformApp.Common", "SocialPlatformApp.Common\SocialPlatformApp.Common.csproj", "{CE643669-D5ED-416C-8713-7320D4C6F52C}"
EndProject
Global
	GlobalSection(SolutionConfigurationPlatforms) = preSolution
		Debug|Any CPU = Debug|Any CPU
		Release|Any CPU = Release|Any CPU
	EndGlobalSection
	GlobalSection(ProjectConfigurationPlatforms) = postSolution
		{5EDC8E56-361F-4367-8932-04B29BE9F14F}.Debug|Any CPU.ActiveCfg = Debug|Any CPU
		{5EDC8E56-361F-4367-8932-04B29BE9F14F}.Debug|Any CPU.Build.0 = Debug|Any CPU
		{5EDC8E56-361F-4367-8932-04B29BE9F14F}.Release|Any CPU.ActiveCfg = Release|Any CPU
		{5EDC8E56-361F-4367-8932-04B29BE9F14F}.Release|Any CPU.Build.0 = Release|Any CPU
		{3FCAD99E-6734-4262-A061-11143B4094E3}.Debug|Any CPU.ActiveCfg = Debug|Any CPU
		{3FCAD99E-6734-4262-A061-11143B4094E3}.Debug|Any CPU.Build.0 = Debug|Any CPU
		{3FCAD99E-6734-4262-A061-11143B4094E3}.Release|Any CPU.ActiveCfg = Release|Any CPU
		{3FCAD99E-6734-4262-A061-11143B4094E3}.Release|Any CPU.Build.0 = Release|Any CPU
		{B89CAE73-7020-4FAA-BB09-B6D094F92F2F}.Debug|Any CPU.ActiveCfg = Debug|Any CPU
		{B89CAE73-7020-4FAA-BB09-B6D094F92F2F}.Debug|Any CPU.Build.0 = Debug|Any CPU
		{B89CAE73-7020-4FAA-BB09-B6D094F92F2F}.Release|Any CPU.ActiveCfg = Release|Any CPU
		{B89CAE73-7020-4FAA-BB09-B6D094F92F2F}.Release|Any CPU.Build.0 = Release|Any CPU
		{65E8A772-101C-4B06-97D5-2F7A223D5486}.Debug|Any CPU.ActiveCfg = Debug|Any CPU
		{65E8A772-101C-4B06-97D5-2F7A223D5486}.Debug|Any CPU.Build.0 = Debug|Any CPU
		{65E8A772-101C-4B06-97D5-2F7A223D5486}.Release|Any CPU.ActiveCfg = Release|Any CPU
		{65E8A772-101C-4B06-97D5-2F7A223D5486}.Release|Any CPU.Build.0 = Release|Any CPU
		{CE643669-D5ED-416C-8713-7320D4C6F52C}.Debug|Any CPU.ActiveCfg = Debug|Any CPU
		{CE643669-D5ED-416C-8713-7320D4C6F52C}.Debug|Any CPU.Build.0 = Debug|Any CPU
		{CE643669-D5ED-416C-8713-7320D4C6F52C}.Release|Any CPU.ActiveCfg = Release|Any CPU
		{CE643669-D5ED-416C-8713-7320D4C6F52C}.Release|Any CPU.Build.0 = Release|Any CPU
	EndGlobalSection
	GlobalSection(SolutionProperties) = preSolution
		HideSolutionNode = FALSE
	EndGlobalSection
	GlobalSection(ExtensibilityGlobals) = postSolution
		SolutionGuid = {6B96079F-B6D2-4E49-8192-010B319BA5FA}
	EndGlobalSection
EndGlobal
